
Microsoft Visual Studio Solution File, Format Version 12.00
# Visual Studio Version 17
VisualStudioVersion = 17.6.33829.357
MinimumVisualStudioVersion = 10.0.40219.1
Project("{2150E333-8FDC-42A3-9474-1A3956D46DE8}") = "src", "src", "{617D3DC1-AC6B-43CE-A599-0360A4859A58}"
EndProject
Project("{2150E333-8FDC-42A3-9474-1A3956D46DE8}") = "Solution Items", "Solution Items", "{BDD878F9-0663-4C32-AEF3-04FDC508095C}"
EndProject
Project("{2150E333-8FDC-42A3-9474-1A3956D46DE8}") = "ApiGateways", "ApiGateways", "{B0635EFD-0E7E-4944-A6E0-960DE47BED6D}"
EndProject
Project("{2150E333-8FDC-42A3-9474-1A3956D46DE8}") = "BuildingBlocks", "BuildingBlocks", "{B56143CE-02BD-4D94-9CF6-8CD72A05FE72}"
EndProject
Project("{2150E333-8FDC-42A3-9474-1A3956D46DE8}") = "Clients", "Clients", "{50B34DFF-D169-4C16-9FCA-D585F66B7FC6}"
EndProject
Project("{2150E333-8FDC-42A3-9474-1A3956D46DE8}") = "Services", "Services", "{16DCDE92-068D-417B-9F9D-44C5A115C8F2}"
EndProject
Project("{2150E333-8FDC-42A3-9474-1A3956D46DE8}") = "tests", "tests", "{7AB7C089-B4C1-4E2B-ABA8-050A6A6615EA}"
EndProject
Project("{FAE04EC0-301F-11D3-BF4B-00C04F79EFBC}") = "Web.ApiGateway", "src\ApiGateways\WebApiGateway\Web.ApiGateway\Web.ApiGateway.csproj", "{EEE54ACA-CD2F-42F6-9590-8CAF7C7EFF0D}"
EndProject
Project("{2150E333-8FDC-42A3-9474-1A3956D46DE8}") = "EventBus", "EventBus", "{BAFD6A23-A163-4140-8538-578EF428D6F3}"
EndProject
Project("{FAE04EC0-301F-11D3-BF4B-00C04F79EFBC}") = "EventBus.Base", "src\BuildingBlocks\EventBus\EventBus.Base\EventBus.Base.csproj", "{069648C7-40BB-4278-983F-3F20306F5129}"
EndProject
Project("{FAE04EC0-301F-11D3-BF4B-00C04F79EFBC}") = "EventBus.Factory", "src\BuildingBlocks\EventBus\EventBus.Factory\EventBus.Factory.csproj", "{3106DFB2-EF6E-4F05-8A51-556587D1FB69}"
EndProject
Project("{FAE04EC0-301F-11D3-BF4B-00C04F79EFBC}") = "EventBus.RabbitMQ", "src\BuildingBlocks\EventBus\EventBus.RabbitMQ\EventBus.RabbitMQ.csproj", "{BC97A19D-1DAF-496E-BCDE-43493E4A2596}"
EndProject
Project("{2150E333-8FDC-42A3-9474-1A3956D46DE8}") = "BlazorWebApp", "BlazorWebApp", "{7585B5B5-39BD-49EC-8B6C-F056203E6252}"
EndProject
Project("{FAE04EC0-301F-11D3-BF4B-00C04F79EFBC}") = "WebApp", "src\Clients\BlazorWebApp\WebApp\WebApp.csproj", "{CD167F4B-BF33-40DD-A0AC-D9FB147421B0}"
EndProject
Project("{2150E333-8FDC-42A3-9474-1A3956D46DE8}") = "HotelService", "HotelService", "{70FCE29D-1BB2-4E71-A161-B1A95264A0F9}"
EndProject
Project("{2150E333-8FDC-42A3-9474-1A3956D46DE8}") = "ReportService", "ReportService", "{5B6415B8-125A-4E57-B09F-D15EA76310FB}"
EndProject
Project("{FAE04EC0-301F-11D3-BF4B-00C04F79EFBC}") = "HotelService.Domain", "src\Services\HotelService\HotelService.Domain\HotelService.Domain.csproj", "{04AAB6E8-7A5F-4084-B9A8-8BA2688E78CB}"
EndProject
Project("{FAE04EC0-301F-11D3-BF4B-00C04F79EFBC}") = "HotelService.Application", "src\Services\HotelService\HotelService.Application\HotelService.Application.csproj", "{F48C80F4-076F-4A7D-ADB2-DF510B57B572}"
EndProject
Project("{FAE04EC0-301F-11D3-BF4B-00C04F79EFBC}") = "HotelService.Infrastructure", "src\Services\HotelService\HotelService.Infrastructure\HotelService.Infrastructure.csproj", "{DD9B3AF1-22D0-431C-929B-26405414B34E}"
EndProject
Project("{FAE04EC0-301F-11D3-BF4B-00C04F79EFBC}") = "HotelService.Api", "src\Services\HotelService\HotelService.Api\HotelService.Api.csproj", "{337B47E5-4006-4732-B4A4-57A1345A609C}"
EndProject
Project("{FAE04EC0-301F-11D3-BF4B-00C04F79EFBC}") = "ReportService.Api", "src\Services\ReportService\ReportService.Api\ReportService.Api.csproj", "{A2D6F6BB-F7D2-4041-8A5A-CDF96D047DEA}"
EndProject
Global
	GlobalSection(SolutionConfigurationPlatforms) = preSolution
		Debug|Any CPU = Debug|Any CPU
		Release|Any CPU = Release|Any CPU
	EndGlobalSection
	GlobalSection(ProjectConfigurationPlatforms) = postSolution
		{EEE54ACA-CD2F-42F6-9590-8CAF7C7EFF0D}.Debug|Any CPU.ActiveCfg = Debug|Any CPU
		{EEE54ACA-CD2F-42F6-9590-8CAF7C7EFF0D}.Debug|Any CPU.Build.0 = Debug|Any CPU
		{EEE54ACA-CD2F-42F6-9590-8CAF7C7EFF0D}.Release|Any CPU.ActiveCfg = Release|Any CPU
		{EEE54ACA-CD2F-42F6-9590-8CAF7C7EFF0D}.Release|Any CPU.Build.0 = Release|Any CPU
		{069648C7-40BB-4278-983F-3F20306F5129}.Debug|Any CPU.ActiveCfg = Debug|Any CPU
		{069648C7-40BB-4278-983F-3F20306F5129}.Debug|Any CPU.Build.0 = Debug|Any CPU
		{069648C7-40BB-4278-983F-3F20306F5129}.Release|Any CPU.ActiveCfg = Release|Any CPU
		{069648C7-40BB-4278-983F-3F20306F5129}.Release|Any CPU.Build.0 = Release|Any CPU
		{3106DFB2-EF6E-4F05-8A51-556587D1FB69}.Debug|Any CPU.ActiveCfg = Debug|Any CPU
		{3106DFB2-EF6E-4F05-8A51-556587D1FB69}.Debug|Any CPU.Build.0 = Debug|Any CPU
		{3106DFB2-EF6E-4F05-8A51-556587D1FB69}.Release|Any CPU.ActiveCfg = Release|Any CPU
		{3106DFB2-EF6E-4F05-8A51-556587D1FB69}.Release|Any CPU.Build.0 = Release|Any CPU
		{BC97A19D-1DAF-496E-BCDE-43493E4A2596}.Debug|Any CPU.ActiveCfg = Debug|Any CPU
		{BC97A19D-1DAF-496E-BCDE-43493E4A2596}.Debug|Any CPU.Build.0 = Debug|Any CPU
		{BC97A19D-1DAF-496E-BCDE-43493E4A2596}.Release|Any CPU.ActiveCfg = Release|Any CPU
		{BC97A19D-1DAF-496E-BCDE-43493E4A2596}.Release|Any CPU.Build.0 = Release|Any CPU
		{CD167F4B-BF33-40DD-A0AC-D9FB147421B0}.Debug|Any CPU.ActiveCfg = Debug|Any CPU
		{CD167F4B-BF33-40DD-A0AC-D9FB147421B0}.Debug|Any CPU.Build.0 = Debug|Any CPU
		{CD167F4B-BF33-40DD-A0AC-D9FB147421B0}.Release|Any CPU.ActiveCfg = Release|Any CPU
		{CD167F4B-BF33-40DD-A0AC-D9FB147421B0}.Release|Any CPU.Build.0 = Release|Any CPU
		{04AAB6E8-7A5F-4084-B9A8-8BA2688E78CB}.Debug|Any CPU.ActiveCfg = Debug|Any CPU
		{04AAB6E8-7A5F-4084-B9A8-8BA2688E78CB}.Debug|Any CPU.Build.0 = Debug|Any CPU
		{04AAB6E8-7A5F-4084-B9A8-8BA2688E78CB}.Release|Any CPU.ActiveCfg = Release|Any CPU
		{04AAB6E8-7A5F-4084-B9A8-8BA2688E78CB}.Release|Any CPU.Build.0 = Release|Any CPU
		{F48C80F4-076F-4A7D-ADB2-DF510B57B572}.Debug|Any CPU.ActiveCfg = Debug|Any CPU
		{F48C80F4-076F-4A7D-ADB2-DF510B57B572}.Debug|Any CPU.Build.0 = Debug|Any CPU
		{F48C80F4-076F-4A7D-ADB2-DF510B57B572}.Release|Any CPU.ActiveCfg = Release|Any CPU
		{F48C80F4-076F-4A7D-ADB2-DF510B57B572}.Release|Any CPU.Build.0 = Release|Any CPU
		{DD9B3AF1-22D0-431C-929B-26405414B34E}.Debug|Any CPU.ActiveCfg = Debug|Any CPU
		{DD9B3AF1-22D0-431C-929B-26405414B34E}.Debug|Any CPU.Build.0 = Debug|Any CPU
		{DD9B3AF1-22D0-431C-929B-26405414B34E}.Release|Any CPU.ActiveCfg = Release|Any CPU
		{DD9B3AF1-22D0-431C-929B-26405414B34E}.Release|Any CPU.Build.0 = Release|Any CPU
		{337B47E5-4006-4732-B4A4-57A1345A609C}.Debug|Any CPU.ActiveCfg = Debug|Any CPU
		{337B47E5-4006-4732-B4A4-57A1345A609C}.Debug|Any CPU.Build.0 = Debug|Any CPU
		{337B47E5-4006-4732-B4A4-57A1345A609C}.Release|Any CPU.ActiveCfg = Release|Any CPU
		{337B47E5-4006-4732-B4A4-57A1345A609C}.Release|Any CPU.Build.0 = Release|Any CPU
		{A2D6F6BB-F7D2-4041-8A5A-CDF96D047DEA}.Debug|Any CPU.ActiveCfg = Debug|Any CPU
		{A2D6F6BB-F7D2-4041-8A5A-CDF96D047DEA}.Debug|Any CPU.Build.0 = Debug|Any CPU
		{A2D6F6BB-F7D2-4041-8A5A-CDF96D047DEA}.Release|Any CPU.ActiveCfg = Release|Any CPU
		{A2D6F6BB-F7D2-4041-8A5A-CDF96D047DEA}.Release|Any CPU.Build.0 = Release|Any CPU
	EndGlobalSection
	GlobalSection(SolutionProperties) = preSolution
		HideSolutionNode = FALSE
	EndGlobalSection
	GlobalSection(NestedProjects) = preSolution
		{B0635EFD-0E7E-4944-A6E0-960DE47BED6D} = {617D3DC1-AC6B-43CE-A599-0360A4859A58}
		{B56143CE-02BD-4D94-9CF6-8CD72A05FE72} = {617D3DC1-AC6B-43CE-A599-0360A4859A58}
		{50B34DFF-D169-4C16-9FCA-D585F66B7FC6} = {617D3DC1-AC6B-43CE-A599-0360A4859A58}
		{16DCDE92-068D-417B-9F9D-44C5A115C8F2} = {617D3DC1-AC6B-43CE-A599-0360A4859A58}
		{EEE54ACA-CD2F-42F6-9590-8CAF7C7EFF0D} = {B0635EFD-0E7E-4944-A6E0-960DE47BED6D}
		{BAFD6A23-A163-4140-8538-578EF428D6F3} = {B56143CE-02BD-4D94-9CF6-8CD72A05FE72}
		{069648C7-40BB-4278-983F-3F20306F5129} = {BAFD6A23-A163-4140-8538-578EF428D6F3}
		{3106DFB2-EF6E-4F05-8A51-556587D1FB69} = {BAFD6A23-A163-4140-8538-578EF428D6F3}
		{BC97A19D-1DAF-496E-BCDE-43493E4A2596} = {BAFD6A23-A163-4140-8538-578EF428D6F3}
		{7585B5B5-39BD-49EC-8B6C-F056203E6252} = {50B34DFF-D169-4C16-9FCA-D585F66B7FC6}
		{CD167F4B-BF33-40DD-A0AC-D9FB147421B0} = {7585B5B5-39BD-49EC-8B6C-F056203E6252}
		{70FCE29D-1BB2-4E71-A161-B1A95264A0F9} = {16DCDE92-068D-417B-9F9D-44C5A115C8F2}
		{5B6415B8-125A-4E57-B09F-D15EA76310FB} = {16DCDE92-068D-417B-9F9D-44C5A115C8F2}
		{04AAB6E8-7A5F-4084-B9A8-8BA2688E78CB} = {70FCE29D-1BB2-4E71-A161-B1A95264A0F9}
		{F48C80F4-076F-4A7D-ADB2-DF510B57B572} = {70FCE29D-1BB2-4E71-A161-B1A95264A0F9}
		{DD9B3AF1-22D0-431C-929B-26405414B34E} = {70FCE29D-1BB2-4E71-A161-B1A95264A0F9}
		{337B47E5-4006-4732-B4A4-57A1345A609C} = {70FCE29D-1BB2-4E71-A161-B1A95264A0F9}
		{A2D6F6BB-F7D2-4041-8A5A-CDF96D047DEA} = {5B6415B8-125A-4E57-B09F-D15EA76310FB}
	EndGlobalSection
	GlobalSection(ExtensibilityGlobals) = postSolution
		SolutionGuid = {F251D1CA-A5E9-4243-8771-C645992484BA}
	EndGlobalSection
EndGlobal
